
Microsoft Visual Studio Solution File, Format Version 12.00
# Visual Studio 15
Project("{FAE04EC0-301F-11D3-BF4B-00C04F79EFBC}") = "Assembly-CSharp", "Assembly-CSharp.csproj", "{B6FDBBFD-AF27-01AA-0CFE-4DB6E4695FC7}"
EndProject
Global
	GlobalSection(SolutionConfigurationPlatforms) = preSolution
		Debug|Any CPU = Debug|Any CPU
		Release|Any CPU = Release|Any CPU
	EndGlobalSection
	GlobalSection(ProjectConfigurationPlatforms) = postSolution
		{B6FDBBFD-AF27-01AA-0CFE-4DB6E4695FC7}.Debug|Any CPU.ActiveCfg = Debug|Any CPU
		{B6FDBBFD-AF27-01AA-0CFE-4DB6E4695FC7}.Debug|Any CPU.Build.0 = Debug|Any CPU
		{B6FDBBFD-AF27-01AA-0CFE-4DB6E4695FC7}.Release|Any CPU.ActiveCfg = Release|Any CPU
		{B6FDBBFD-AF27-01AA-0CFE-4DB6E4695FC7}.Release|Any CPU.Build.0 = Release|Any CPU
	EndGlobalSection
	GlobalSection(SolutionProperties) = preSolution
		HideSolutionNode = FALSE
	EndGlobalSection
EndGlobal
